
Microsoft Visual Studio Solution File, Format Version 12.00
# Visual Studio Version 17
VisualStudioVersion = 17.0.31903.59
MinimumVisualStudioVersion = 10.0.40219.1
Project("{FAE04EC0-301F-11D3-BF4B-00C04F79EFBC}") = "Wpm.Client", "Wpm.Client\Wpm.Client.csproj", "{959FB65A-4C5C-44EC-A8E8-A761E443F395}"
EndProject
Project("{FAE04EC0-301F-11D3-BF4B-00C04F79EFBC}") = "Wpm.Domain", "Wpm.Domain\Wpm.Domain.csproj", "{11BA8D3D-D709-4D47-B67E-1EADA3989250}"
EndProject
Project("{FAE04EC0-301F-11D3-BF4B-00C04F79EFBC}") = "Wpm.Dal", "Wpm.Dal\Wpm.Dal.csproj", "{DAA8EF50-7472-4E69-B536-B0168207571A}"
EndProject
Global
	GlobalSection(SolutionConfigurationPlatforms) = preSolution
		Debug|Any CPU = Debug|Any CPU
		Release|Any CPU = Release|Any CPU
	EndGlobalSection
	GlobalSection(SolutionProperties) = preSolution
		HideSolutionNode = FALSE
	EndGlobalSection
	GlobalSection(ProjectConfigurationPlatforms) = postSolution
		{959FB65A-4C5C-44EC-A8E8-A761E443F395}.Debug|Any CPU.ActiveCfg = Debug|Any CPU
		{959FB65A-4C5C-44EC-A8E8-A761E443F395}.Debug|Any CPU.Build.0 = Debug|Any CPU
		{959FB65A-4C5C-44EC-A8E8-A761E443F395}.Release|Any CPU.ActiveCfg = Release|Any CPU
		{959FB65A-4C5C-44EC-A8E8-A761E443F395}.Release|Any CPU.Build.0 = Release|Any CPU
		{11BA8D3D-D709-4D47-B67E-1EADA3989250}.Debug|Any CPU.ActiveCfg = Debug|Any CPU
		{11BA8D3D-D709-4D47-B67E-1EADA3989250}.Debug|Any CPU.Build.0 = Debug|Any CPU
		{11BA8D3D-D709-4D47-B67E-1EADA3989250}.Release|Any CPU.ActiveCfg = Release|Any CPU
		{11BA8D3D-D709-4D47-B67E-1EADA3989250}.Release|Any CPU.Build.0 = Release|Any CPU
		{DAA8EF50-7472-4E69-B536-B0168207571A}.Debug|Any CPU.ActiveCfg = Debug|Any CPU
		{DAA8EF50-7472-4E69-B536-B0168207571A}.Debug|Any CPU.Build.0 = Debug|Any CPU
		{DAA8EF50-7472-4E69-B536-B0168207571A}.Release|Any CPU.ActiveCfg = Release|Any CPU
		{DAA8EF50-7472-4E69-B536-B0168207571A}.Release|Any CPU.Build.0 = Release|Any CPU
	EndGlobalSection
EndGlobal
